// !$*UTF8*$!
{
	archiveVersion = 1;
	classes = {
	};
	objectVersion = 46;
	objects = {

/* Begin PBXBuildFile section */
		638BC4CF1E6DC5D800D44CF9 /* AppDelegate.swift in Sources */ = {isa = PBXBuildFile; fileRef = 638BC4CE1E6DC5D800D44CF9 /* AppDelegate.swift */; };
		638BC4D41E6DC5D800D44CF9 /* Main.storyboard in Resources */ = {isa = PBXBuildFile; fileRef = 638BC4D21E6DC5D800D44CF9 /* Main.storyboard */; };
		638BC4D61E6DC5D800D44CF9 /* Assets.xcassets in Resources */ = {isa = PBXBuildFile; fileRef = 638BC4D51E6DC5D800D44CF9 /* Assets.xcassets */; };
		638BC4D91E6DC5D800D44CF9 /* LaunchScreen.storyboard in Resources */ = {isa = PBXBuildFile; fileRef = 638BC4D71E6DC5D800D44CF9 /* LaunchScreen.storyboard */; };
		638BC4E11E6DC73100D44CF9 /* CollectionViewController.swift in Sources */ = {isa = PBXBuildFile; fileRef = 638BC4E01E6DC73100D44CF9 /* CollectionViewController.swift */; };
		638BC4E31E6DC78F00D44CF9 /* CollectionViewCell.swift in Sources */ = {isa = PBXBuildFile; fileRef = 638BC4E21E6DC78F00D44CF9 /* CollectionViewCell.swift */; };
		638BC4E51E6DDD0A00D44CF9 /* CollectionHeadFootView.swift in Sources */ = {isa = PBXBuildFile; fileRef = 638BC4E41E6DDD0A00D44CF9 /* CollectionHeadFootView.swift */; };
		638BC4E71E6E423600D44CF9 /* DetailViewController.swift in Sources */ = {isa = PBXBuildFile; fileRef = 638BC4E61E6E423600D44CF9 /* DetailViewController.swift */; };
/* End PBXBuildFile section */

/* Begin PBXFileReference section */
		638BC4CB1E6DC5D800D44CF9 /* PlantPictures.app */ = {isa = PBXFileReference; explicitFileType = wrapper.application; includeInIndex = 0; path = PlantPictures.app; sourceTree = BUILT_PRODUCTS_DIR; };
		638BC4CE1E6DC5D800D44CF9 /* AppDelegate.swift */ = {isa = PBXFileReference; lastKnownFileType = sourcecode.swift; path = AppDelegate.swift; sourceTree = "<group>"; };
		638BC4D31E6DC5D800D44CF9 /* Base */ = {isa = PBXFileReference; lastKnownFileType = file.storyboard; name = Base; path = Base.lproj/Main.storyboard; sourceTree = "<group>"; };
		638BC4D51E6DC5D800D44CF9 /* Assets.xcassets */ = {isa = PBXFileReference; lastKnownFileType = folder.assetcatalog; path = Assets.xcassets; sourceTree = "<group>"; };
		638BC4D81E6DC5D800D44CF9 /* Base */ = {isa = PBXFileReference; lastKnownFileType = file.storyboard; name = Base; path = Base.lproj/LaunchScreen.storyboard; sourceTree = "<group>"; };
		638BC4DA1E6DC5D800D44CF9 /* Info.plist */ = {isa = PBXFileReference; lastKnownFileType = text.plist.xml; path = Info.plist; sourceTree = "<group>"; };
		638BC4E01E6DC73100D44CF9 /* CollectionViewController.swift */ = {isa = PBXFileReference; fileEncoding = 4; lastKnownFileType = sourcecode.swift; path = CollectionViewController.swift; sourceTree = "<group>"; };
		638BC4E21E6DC78F00D44CF9 /* CollectionViewCell.swift */ = {isa = PBXFileReference; fileEncoding = 4; lastKnownFileType = sourcecode.swift; path = CollectionViewCell.swift; sourceTree = "<group>"; };
		638BC4E41E6DDD0A00D44CF9 /* CollectionHeadFootView.swift */ = {isa = PBXFileReference; fileEncoding = 4; lastKnownFileType = sourcecode.swift; path = CollectionHeadFootView.swift; sourceTree = "<group>"; };
		638BC4E61E6E423600D44CF9 /* DetailViewController.swift */ = {isa = PBXFileReference; fileEncoding = 4; lastKnownFileType = sourcecode.swift; path = DetailViewController.swift; sourceTree = "<group>"; };
/* End PBXFileReference section */

/* Begin PBXFrameworksBuildPhase section */
		638BC4C81E6DC5D800D44CF9 /* Frameworks */ = {
			isa = PBXFrameworksBuildPhase;
			buildActionMask = 2147483647;
			files = (
			);
			runOnlyForDeploymentPostprocessing = 0;
		};
/* End PBXFrameworksBuildPhase section */

/* Begin PBXGroup section */
		638BC4C21E6DC5D800D44CF9 = {
			isa = PBXGroup;
			children = (
				638BC4CD1E6DC5D800D44CF9 /* PlantPictures */,
				638BC4CC1E6DC5D800D44CF9 /* Products */,
			);
			sourceTree = "<group>";
		};
		638BC4CC1E6DC5D800D44CF9 /* Products */ = {
			isa = PBXGroup;
			children = (
				638BC4CB1E6DC5D800D44CF9 /* PlantPictures.app */,
			);
			name = Products;
			sourceTree = "<group>";
		};
		638BC4CD1E6DC5D800D44CF9 /* PlantPictures */ = {
			isa = PBXGroup;
			children = (
				638BC4CE1E6DC5D800D44CF9 /* AppDelegate.swift */,
				638BC4D21E6DC5D800D44CF9 /* Main.storyboard */,
				638BC4E61E6E423600D44CF9 /* DetailViewController.swift */,
				638BC4E01E6DC73100D44CF9 /* CollectionViewController.swift */,
				638BC4E41E6DDD0A00D44CF9 /* CollectionHeadFootView.swift */,
				638BC4E21E6DC78F00D44CF9 /* CollectionViewCell.swift */,
				638BC4D51E6DC5D800D44CF9 /* Assets.xcassets */,
				638BC4D71E6DC5D800D44CF9 /* LaunchScreen.storyboard */,
				638BC4DA1E6DC5D800D44CF9 /* Info.plist */,
			);
			path = PlantPictures;
			sourceTree = "<group>";
		};
/* End PBXGroup section */

/* Begin PBXNativeTarget section */
		638BC4CA1E6DC5D800D44CF9 /* PlantPictures */ = {
			isa = PBXNativeTarget;
			buildConfigurationList = 638BC4DD1E6DC5D800D44CF9 /* Build configuration list for PBXNativeTarget "PlantPictures" */;
			buildPhases = (
				638BC4C71E6DC5D800D44CF9 /* Sources */,
				638BC4C81E6DC5D800D44CF9 /* Frameworks */,
				638BC4C91E6DC5D800D44CF9 /* Resources */,
			);
			buildRules = (
			);
			dependencies = (
			);
			name = PlantPictures;
			productName = PlantPictures;
			productReference = 638BC4CB1E6DC5D800D44CF9 /* PlantPictures.app */;
			productType = "com.apple.product-type.application";
		};
/* End PBXNativeTarget section */

/* Begin PBXProject section */
		638BC4C31E6DC5D800D44CF9 /* Project object */ = {
			isa = PBXProject;
			attributes = {
				LastSwiftUpdateCheck = 0820;
				LastUpgradeCheck = 0820;
				ORGANIZATIONNAME = ncarmine;
				TargetAttributes = {
					638BC4CA1E6DC5D800D44CF9 = {
						CreatedOnToolsVersion = 8.2.1;
						DevelopmentTeam = DUB2EA3QC9;
						ProvisioningStyle = Automatic;
					};
				};
			};
			buildConfigurationList = 638BC4C61E6DC5D800D44CF9 /* Build configuration list for PBXProject "PlantPictures" */;
			compatibilityVersion = "Xcode 3.2";
			developmentRegion = English;
			hasScannedForEncodings = 0;
			knownRegions = (
				en,
				Base,
			);
			mainGroup = 638BC4C21E6DC5D800D44CF9;
			productRefGroup = 638BC4CC1E6DC5D800D44CF9 /* Products */;
			projectDirPath = "";
			projectRoot = "";
			targets = (
				638BC4CA1E6DC5D800D44CF9 /* PlantPictures */,
			);
		};
/* End PBXProject section */

/* Begin PBXResourcesBuildPhase section */
		638BC4C91E6DC5D800D44CF9 /* Resources */ = {
			isa = PBXResourcesBuildPhase;
			buildActionMask = 2147483647;
			files = (
				638BC4D91E6DC5D800D44CF9 /* LaunchScreen.storyboard in Resources */,
				638BC4D61E6DC5D800D44CF9 /* Assets.xcassets in Resources */,
				638BC4D41E6DC5D800D44CF9 /* Main.storyboard in Resources */,
			);
			runOnlyForDeploymentPostprocessing = 0;
		};
/* End PBXResourcesBuildPhase section */

/* Begin PBXSourcesBuildPhase section */
		638BC4C71E6DC5D800D44CF9 /* Sources */ = {
			isa = PBXSourcesBuildPhase;
			buildActionMask = 2147483647;
			files = (
				638BC4E51E6DDD0A00D44CF9 /* CollectionHeadFootView.swift in Sources */,
				638BC4E11E6DC73100D44CF9 /* CollectionViewController.swift in Sources */,
				638BC4E71E6E423600D44CF9 /* DetailViewController.swift in Sources */,
				638BC4CF1E6DC5D800D44CF9 /* AppDelegate.swift in Sources */,
				638BC4E31E6DC78F00D44CF9 /* CollectionViewCell.swift in Sources */,
			);
			runOnlyForDeploymentPostprocessing = 0;
		};
/* End PBXSourcesBuildPhase section */

/* Begin PBXVariantGroup section */
		638BC4D21E6DC5D800D44CF9 /* Main.storyboard */ = {
			isa = PBXVariantGroup;
			children = (
				638BC4D31E6DC5D800D44CF9 /* Base */,
			);
			name = Main.storyboard;
			sourceTree = "<group>";
		};
		638BC4D71E6DC5D800D44CF9 /* LaunchScreen.storyboard */ = {
			isa = PBXVariantGroup;
			children = (
				638BC4D81E6DC5D800D44CF9 /* Base */,
			);
			name = LaunchScreen.storyboard;
			sourceTree = "<group>";
		};
/* End PBXVariantGroup section */

/* Begin XCBuildConfiguration section */
		638BC4DB1E6DC5D800D44CF9 /* Debug */ = {
			isa = XCBuildConfiguration;
			buildSettings = {
				ALWAYS_SEARCH_USER_PATHS = NO;
				CLANG_ANALYZER_NONNULL = YES;
				CLANG_CXX_LANGUAGE_STANDARD = "gnu++0x";
				CLANG_CXX_LIBRARY = "libc++";
				CLANG_ENABLE_MODULES = YES;
				CLANG_ENABLE_OBJC_ARC = YES;
				CLANG_WARN_BOOL_CONVERSION = YES;
				CLANG_WARN_CONSTANT_CONVERSION = YES;
				CLANG_WARN_DIRECT_OBJC_ISA_USAGE = YES_ERROR;
				CLANG_WARN_DOCUMENTATION_COMMENTS = YES;
				CLANG_WARN_EMPTY_BODY = YES;
				CLANG_WARN_ENUM_CONVERSION = YES;
				CLANG_WARN_INFINITE_RECURSION = YES;
				CLANG_WARN_INT_CONVERSION = YES;
				CLANG_WARN_OBJC_ROOT_CLASS = YES_ERROR;
				CLANG_WARN_SUSPICIOUS_MOVE = YES;
				CLANG_WARN_UNREACHABLE_CODE = YES;
				CLANG_WARN__DUPLICATE_METHOD_MATCH = YES;
				"CODE_SIGN_IDENTITY[sdk=iphoneos*]" = "iPhone Developer";
				COPY_PHASE_STRIP = NO;
				DEBUG_INFORMATION_FORMAT = dwarf;
				ENABLE_STRICT_OBJC_MSGSEND = YES;
				ENABLE_TESTABILITY = YES;
				GCC_C_LANGUAGE_STANDARD = gnu99;
				GCC_DYNAMIC_NO_PIC = NO;
				GCC_NO_COMMON_BLOCKS = YES;
				GCC_OPTIMIZATION_LEVEL = 0;
				GCC_PREPROCESSOR_DEFINITIONS = (
					"DEBUG=1",
					"$(inherited)",
				);
				GCC_WARN_64_TO_32_BIT_CONVERSION = YES;
				GCC_WARN_ABOUT_RETURN_TYPE = YES_ERROR;
				GCC_WARN_UNDECLARED_SELECTOR = YES;
				GCC_WARN_UNINITIALIZED_AUTOS = YES_AGGRESSIVE;
				GCC_WARN_UNUSED_FUNCTION = YES;
				GCC_WARN_UNUSED_VARIABLE = YES;
				IPHONEOS_DEPLOYMENT_TARGET = 10.2;
				MTL_ENABLE_DEBUG_INFO = YES;
				ONLY_ACTIVE_ARCH = YES;
				SDKROOT = iphoneos;
				SWIFT_ACTIVE_COMPILATION_CONDITIONS = DEBUG;
				SWIFT_OPTIMIZATION_LEVEL = "-Onone";
				TARGETED_DEVICE_FAMILY = "1,2";
			};
			name = Debug;
		};
		638BC4DC1E6DC5D800D44CF9 /* Release */ = {
			isa = XCBuildConfiguration;
			buildSettings = {
				ALWAYS_SEARCH_USER_PATHS = NO;
				CLANG_ANALYZER_NONNULL = YES;
				CLANG_CXX_LANGUAGE_STANDARD = "gnu++0x";
				CLANG_CXX_LIBRARY = "libc++";
				CLANG_ENABLE_MODULES = YES;
				CLANG_ENABLE_OBJC_ARC = YES;
				CLANG_WARN_BOOL_CONVERSION = YES;
				CLANG_WARN_CONSTANT_CONVERSION = YES;
				CLANG_WARN_DIRECT_OBJC_ISA_USAGE = YES_ERROR;
				CLANG_WARN_DOCUMENTATION_COMMENTS = YES;
				CLANG_WARN_EMPTY_BODY = YES;
				CLANG_WARN_ENUM_CONVERSION = YES;
				CLANG_WARN_INFINITE_RECURSION = YES;
				CLANG_WARN_INT_CONVERSION = YES;
				CLANG_WARN_OBJC_ROOT_CLASS = YES_ERROR;
				CLANG_WARN_SUSPICIOUS_MOVE = YES;
				CLANG_WARN_UNREACHABLE_CODE = YES;
				CLANG_WARN__DUPLICATE_METHOD_MATCH = YES;
				"CODE_SIGN_IDENTITY[sdk=iphoneos*]" = "iPhone Developer";
				COPY_PHASE_STRIP = NO;
				DEBUG_INFORMATION_FORMAT = "dwarf-with-dsym";
				ENABLE_NS_ASSERTIONS = NO;
				ENABLE_STRICT_OBJC_MSGSEND = YES;
				GCC_C_LANGUAGE_STANDARD = gnu99;
				GCC_NO_COMMON_BLOCKS = YES;
				GCC_WARN_64_TO_32_BIT_CONVERSION = YES;
				GCC_WARN_ABOUT_RETURN_TYPE = YES_ERROR;
				GCC_WARN_UNDECLARED_SELECTOR = YES;
				GCC_WARN_UNINITIALIZED_AUTOS = YES_AGGRESSIVE;
				GCC_WARN_UNUSED_FUNCTION = YES;
				GCC_WARN_UNUSED_VARIABLE = YES;
				IPHONEOS_DEPLOYMENT_TARGET = 10.2;
				MTL_ENABLE_DEBUG_INFO = NO;
				SDKROOT = iphoneos;
				SWIFT_OPTIMIZATION_LEVEL = "-Owholemodule";
				TARGETED_DEVICE_FAMILY = "1,2";
				VALIDATE_PRODUCT = YES;
			};
			name = Release;
		};
		638BC4DE1E6DC5D800D44CF9 /* Debug */ = {
			isa = XCBuildConfiguration;
			buildSettings = {
				ASSETCATALOG_COMPILER_APPICON_NAME = AppIcon;
				DEVELOPMENT_TEAM = DUB2EA3QC9;
				INFOPLIST_FILE = PlantPictures/Info.plist;
				LD_RUNPATH_SEARCH_PATHS = "$(inherited) @executable_path/Frameworks";
				PRODUCT_BUNDLE_IDENTIFIER = ncarmine.PlantPictures;
				PRODUCT_NAME = "$(TARGET_NAME)";
				SWIFT_VERSION = 3.0;
				TARGETED_DEVICE_FAMILY = "1,2";
			};
			name = Debug;
		};
		638BC4DF1E6DC5D800D44CF9 /* Release */ = {
			isa = XCBuildConfiguration;
			buildSettings = {
				ASSETCATALOG_COMPILER_APPICON_NAME = AppIcon;
				DEVELOPMENT_TEAM = DUB2EA3QC9;
				INFOPLIST_FILE = PlantPictures/Info.plist;
				LD_RUNPATH_SEARCH_PATHS = "$(inherited) @executable_path/Frameworks";
				PRODUCT_BUNDLE_IDENTIFIER = ncarmine.PlantPictures;
				PRODUCT_NAME = "$(TARGET_NAME)";
				SWIFT_VERSION = 3.0;
				TARGETED_DEVICE_FAMILY = "1,2";
			};
			name = Release;
		};
/* End XCBuildConfiguration section */

/* Begin XCConfigurationList section */
		638BC4C61E6DC5D800D44CF9 /* Build configuration list for PBXProject "PlantPictures" */ = {
			isa = XCConfigurationList;
			buildConfigurations = (
				638BC4DB1E6DC5D800D44CF9 /* Debug */,
				638BC4DC1E6DC5D800D44CF9 /* Release */,
			);
			defaultConfigurationIsVisible = 0;
			defaultConfigurationName = Release;
		};
		638BC4DD1E6DC5D800D44CF9 /* Build configuration list for PBXNativeTarget "PlantPictures" */ = {
			isa = XCConfigurationList;
			buildConfigurations = (
				638BC4DE1E6DC5D800D44CF9 /* Debug */,
				638BC4DF1E6DC5D800D44CF9 /* Release */,
			);
			defaultConfigurationIsVisible = 0;
		};
/* End XCConfigurationList section */
	};
	rootObject = 638BC4C31E6DC5D800D44CF9 /* Project object */;
}
